
Microsoft Visual Studio Solution File, Format Version 12.00
# Visual Studio 15
VisualStudioVersion = 15.0.28307.136
MinimumVisualStudioVersion = 10.0.40219.1
Project("{FAE04EC0-301F-11D3-BF4B-00C04F79EFBC}") = "КРПП лаба 3", "КРПП лаба 3\КРПП лаба 3.csproj", "{DD3CAE95-4DEA-4FA2-9F2C-1DBB395A47D6}"
EndProject
Global
	GlobalSection(SolutionConfigurationPlatforms) = preSolution
		Debug|Any CPU = Debug|Any CPU
		Release|Any CPU = Release|Any CPU
	EndGlobalSection
	GlobalSection(ProjectConfigurationPlatforms) = postSolution
		{DD3CAE95-4DEA-4FA2-9F2C-1DBB395A47D6}.Debug|Any CPU.ActiveCfg = Debug|Any CPU
		{DD3CAE95-4DEA-4FA2-9F2C-1DBB395A47D6}.Debug|Any CPU.Build.0 = Debug|Any CPU
		{DD3CAE95-4DEA-4FA2-9F2C-1DBB395A47D6}.Release|Any CPU.ActiveCfg = Release|Any CPU
		{DD3CAE95-4DEA-4FA2-9F2C-1DBB395A47D6}.Release|Any CPU.Build.0 = Release|Any CPU
	EndGlobalSection
	GlobalSection(SolutionProperties) = preSolution
		HideSolutionNode = FALSE
	EndGlobalSection
	GlobalSection(ExtensibilityGlobals) = postSolution
		SolutionGuid = {AA7BF5E5-C584-480E-8528-26A387EC07EE}
	EndGlobalSection
EndGlobal
